
Microsoft Visual Studio Solution File, Format Version 12.00
# Visual Studio 15
VisualStudioVersion = 15.0.28307.779
MinimumVisualStudioVersion = 10.0.40219.1
Project("{FAE04EC0-301F-11D3-BF4B-00C04F79EFBC}") = "ASmarty", "Sharpy\ASmarty.csproj", "{3EC1AAFF-BFB0-4F50-AAA9-CD85AE0A6C14}"
EndProject
Project("{FAE04EC0-301F-11D3-BF4B-00C04F79EFBC}") = "ASmarty.Testing", "Sharpy.Testing\ASmarty.Testing.csproj", "{F48ABCA7-9031-4FF8-A3A6-4DA7B81D008E}"
EndProject
Project("{FAE04EC0-301F-11D3-BF4B-00C04F79EFBC}") = "ASmarty-Core", "ASmarty-Core\ASmarty-Core.csproj", "{C59D2096-04AF-483E-B7E1-8817DC635F50}"
EndProject
Global
	GlobalSection(SolutionConfigurationPlatforms) = preSolution
		Debug|Any CPU = Debug|Any CPU
		Release|Any CPU = Release|Any CPU
	EndGlobalSection
	GlobalSection(ProjectConfigurationPlatforms) = postSolution
		{3EC1AAFF-BFB0-4F50-AAA9-CD85AE0A6C14}.Debug|Any CPU.ActiveCfg = Debug|Any CPU
		{3EC1AAFF-BFB0-4F50-AAA9-CD85AE0A6C14}.Debug|Any CPU.Build.0 = Debug|Any CPU
		{3EC1AAFF-BFB0-4F50-AAA9-CD85AE0A6C14}.Release|Any CPU.ActiveCfg = Release|Any CPU
		{3EC1AAFF-BFB0-4F50-AAA9-CD85AE0A6C14}.Release|Any CPU.Build.0 = Release|Any CPU
		{F48ABCA7-9031-4FF8-A3A6-4DA7B81D008E}.Debug|Any CPU.ActiveCfg = Debug|Any CPU
		{F48ABCA7-9031-4FF8-A3A6-4DA7B81D008E}.Debug|Any CPU.Build.0 = Debug|Any CPU
		{F48ABCA7-9031-4FF8-A3A6-4DA7B81D008E}.Release|Any CPU.ActiveCfg = Release|Any CPU
		{F48ABCA7-9031-4FF8-A3A6-4DA7B81D008E}.Release|Any CPU.Build.0 = Release|Any CPU
		{C59D2096-04AF-483E-B7E1-8817DC635F50}.Debug|Any CPU.ActiveCfg = Debug|Any CPU
		{C59D2096-04AF-483E-B7E1-8817DC635F50}.Debug|Any CPU.Build.0 = Debug|Any CPU
		{C59D2096-04AF-483E-B7E1-8817DC635F50}.Release|Any CPU.ActiveCfg = Release|Any CPU
		{C59D2096-04AF-483E-B7E1-8817DC635F50}.Release|Any CPU.Build.0 = Release|Any CPU
	EndGlobalSection
	GlobalSection(SolutionProperties) = preSolution
		HideSolutionNode = FALSE
	EndGlobalSection
	GlobalSection(ExtensibilityGlobals) = postSolution
		SolutionGuid = {993FB3A5-9822-4354-ACAC-571B356E48A0}
	EndGlobalSection
EndGlobal
